
Microsoft Visual Studio Solution File, Format Version 12.00
# Visual Studio Version 17
VisualStudioVersion = 17.7.34009.444
MinimumVisualStudioVersion = 10.0.40219.1
Project("{FAE04EC0-301F-11D3-BF4B-00C04F79EFBC}") = "GerenciarTarefas", "GerenciarTarefas\GerenciarTarefas.csproj", "{8221A6AF-CE9F-4DA7-8D03-F654A241958B}"
EndProject
Global
	GlobalSection(SolutionConfigurationPlatforms) = preSolution
		Debug|Any CPU = Debug|Any CPU
		Release|Any CPU = Release|Any CPU
	EndGlobalSection
	GlobalSection(ProjectConfigurationPlatforms) = postSolution
		{8221A6AF-CE9F-4DA7-8D03-F654A241958B}.Debug|Any CPU.ActiveCfg = Debug|Any CPU
		{8221A6AF-CE9F-4DA7-8D03-F654A241958B}.Debug|Any CPU.Build.0 = Debug|Any CPU
		{8221A6AF-CE9F-4DA7-8D03-F654A241958B}.Release|Any CPU.ActiveCfg = Release|Any CPU
		{8221A6AF-CE9F-4DA7-8D03-F654A241958B}.Release|Any CPU.Build.0 = Release|Any CPU
	EndGlobalSection
	GlobalSection(SolutionProperties) = preSolution
		HideSolutionNode = FALSE
	EndGlobalSection
	GlobalSection(ExtensibilityGlobals) = postSolution
		SolutionGuid = {5DB7CBBA-3AB9-4D75-9FBD-F50EDE5EB1BE}
	EndGlobalSection
EndGlobal
